
Microsoft Visual Studio Solution File, Format Version 12.00
# Visual Studio Version 17
VisualStudioVersion = 17.7.34031.279
MinimumVisualStudioVersion = 10.0.40219.1
Project("{FAE04EC0-301F-11D3-BF4B-00C04F79EFBC}") = "20231004 연결 실습", "20231004 연결 실습\20231004 연결 실습.csproj", "{3A01A08A-323B-49D4-8700-B11E800719B7}"
EndProject
Global
	GlobalSection(SolutionConfigurationPlatforms) = preSolution
		Debug|Any CPU = Debug|Any CPU
		Release|Any CPU = Release|Any CPU
	EndGlobalSection
	GlobalSection(ProjectConfigurationPlatforms) = postSolution
		{3A01A08A-323B-49D4-8700-B11E800719B7}.Debug|Any CPU.ActiveCfg = Debug|Any CPU
		{3A01A08A-323B-49D4-8700-B11E800719B7}.Debug|Any CPU.Build.0 = Debug|Any CPU
		{3A01A08A-323B-49D4-8700-B11E800719B7}.Release|Any CPU.ActiveCfg = Release|Any CPU
		{3A01A08A-323B-49D4-8700-B11E800719B7}.Release|Any CPU.Build.0 = Release|Any CPU
	EndGlobalSection
	GlobalSection(SolutionProperties) = preSolution
		HideSolutionNode = FALSE
	EndGlobalSection
	GlobalSection(ExtensibilityGlobals) = postSolution
		SolutionGuid = {D1832E75-1F23-45E2-B696-65E1CBDEBB53}
	EndGlobalSection
EndGlobal
