
Microsoft Visual Studio Solution File, Format Version 12.00
# Visual Studio Version 17
VisualStudioVersion = 17.7.34031.279
MinimumVisualStudioVersion = 10.0.40219.1
Project("{FAE04EC0-301F-11D3-BF4B-00C04F79EFBC}") = "20231018 실습", "20231018 실습\20231018 실습.csproj", "{0F9653B9-911C-404A-B85C-AE560461E2E8}"
EndProject
Global
	GlobalSection(SolutionConfigurationPlatforms) = preSolution
		Debug|Any CPU = Debug|Any CPU
		Release|Any CPU = Release|Any CPU
	EndGlobalSection
	GlobalSection(ProjectConfigurationPlatforms) = postSolution
		{0F9653B9-911C-404A-B85C-AE560461E2E8}.Debug|Any CPU.ActiveCfg = Debug|Any CPU
		{0F9653B9-911C-404A-B85C-AE560461E2E8}.Debug|Any CPU.Build.0 = Debug|Any CPU
		{0F9653B9-911C-404A-B85C-AE560461E2E8}.Release|Any CPU.ActiveCfg = Release|Any CPU
		{0F9653B9-911C-404A-B85C-AE560461E2E8}.Release|Any CPU.Build.0 = Release|Any CPU
	EndGlobalSection
	GlobalSection(SolutionProperties) = preSolution
		HideSolutionNode = FALSE
	EndGlobalSection
	GlobalSection(ExtensibilityGlobals) = postSolution
		SolutionGuid = {A7CAC73C-9C94-411A-A870-D4D67D5823A4}
	EndGlobalSection
EndGlobal
