
Microsoft Visual Studio Solution File, Format Version 12.00
# Visual Studio Version 17
VisualStudioVersion = 17.7.34031.279
MinimumVisualStudioVersion = 10.0.40219.1
Project("{FAE04EC0-301F-11D3-BF4B-00C04F79EFBC}") = "계산기", "계산기\계산기.csproj", "{0D089130-D8E0-4CB7-8DDD-20F69BE3D348}"
EndProject
Global
	GlobalSection(SolutionConfigurationPlatforms) = preSolution
		Debug|Any CPU = Debug|Any CPU
		Release|Any CPU = Release|Any CPU
	EndGlobalSection
	GlobalSection(ProjectConfigurationPlatforms) = postSolution
		{0D089130-D8E0-4CB7-8DDD-20F69BE3D348}.Debug|Any CPU.ActiveCfg = Debug|Any CPU
		{0D089130-D8E0-4CB7-8DDD-20F69BE3D348}.Debug|Any CPU.Build.0 = Debug|Any CPU
		{0D089130-D8E0-4CB7-8DDD-20F69BE3D348}.Release|Any CPU.ActiveCfg = Release|Any CPU
		{0D089130-D8E0-4CB7-8DDD-20F69BE3D348}.Release|Any CPU.Build.0 = Release|Any CPU
	EndGlobalSection
	GlobalSection(SolutionProperties) = preSolution
		HideSolutionNode = FALSE
	EndGlobalSection
	GlobalSection(ExtensibilityGlobals) = postSolution
		SolutionGuid = {36FEB839-CC53-4355-8FDD-E822CAAF464B}
	EndGlobalSection
EndGlobal
